
Microsoft Visual Studio Solution File, Format Version 12.00
# Visual Studio Version 17
VisualStudioVersion = 17.0.31903.59
MinimumVisualStudioVersion = 10.0.40219.1
Project("{2150E333-8FDC-42A3-9474-1A3956D46DE8}") = "src", "src", "{28A62F87-4C25-45ED-A346-E1457DBE3610}"
EndProject
Project("{FAE04EC0-301F-11D3-BF4B-00C04F79EFBC}") = "CPCREDO.Domain", "src\CPCREDO.Domain\CPCREDO.Domain.csproj", "{A639349B-52B8-48AE-A11A-B2F4709A2887}"
EndProject
Project("{FAE04EC0-301F-11D3-BF4B-00C04F79EFBC}") = "CPCREDO.Application", "src\CPCREDO.Application\CPCREDO.Application.csproj", "{A00D0E7F-5C90-49C6-A566-976BD238418B}"
EndProject
Project("{FAE04EC0-301F-11D3-BF4B-00C04F79EFBC}") = "CPCREDO.Infrastructure", "src\CPCREDO.Infrastructure\CPCREDO.Infrastructure.csproj", "{7A542B31-797F-4310-A1A1-73BBD96B9382}"
EndProject
Project("{FAE04EC0-301F-11D3-BF4B-00C04F79EFBC}") = "CPCREDO.WebApi", "src\CPCREDO.WebApi\CPCREDO.WebApi.csproj", "{77D181E7-4667-4923-8D9F-38C8D4B9035B}"
EndProject
Project("{2150E333-8FDC-42A3-9474-1A3956D46DE8}") = "tests", "tests", "{10AB3133-2EC5-4023-ADF4-522464A1EC12}"
EndProject
Project("{FAE04EC0-301F-11D3-BF4B-00C04F79EFBC}") = "CPCREDO.Tests", "tests\CPCREDO.Tests\CPCREDO.Tests.csproj", "{EF6D4F2D-3D1A-47D4-B4A5-4536FA0074FA}"
EndProject
Global
	GlobalSection(SolutionConfigurationPlatforms) = preSolution
		Debug|Any CPU = Debug|Any CPU
		Release|Any CPU = Release|Any CPU
	EndGlobalSection
	GlobalSection(SolutionProperties) = preSolution
		HideSolutionNode = FALSE
	EndGlobalSection
	GlobalSection(ProjectConfigurationPlatforms) = postSolution
		{A639349B-52B8-48AE-A11A-B2F4709A2887}.Debug|Any CPU.ActiveCfg = Debug|Any CPU
		{A639349B-52B8-48AE-A11A-B2F4709A2887}.Debug|Any CPU.Build.0 = Debug|Any CPU
		{A639349B-52B8-48AE-A11A-B2F4709A2887}.Release|Any CPU.ActiveCfg = Release|Any CPU
		{A639349B-52B8-48AE-A11A-B2F4709A2887}.Release|Any CPU.Build.0 = Release|Any CPU
		{A00D0E7F-5C90-49C6-A566-976BD238418B}.Debug|Any CPU.ActiveCfg = Debug|Any CPU
		{A00D0E7F-5C90-49C6-A566-976BD238418B}.Debug|Any CPU.Build.0 = Debug|Any CPU
		{A00D0E7F-5C90-49C6-A566-976BD238418B}.Release|Any CPU.ActiveCfg = Release|Any CPU
		{A00D0E7F-5C90-49C6-A566-976BD238418B}.Release|Any CPU.Build.0 = Release|Any CPU
		{7A542B31-797F-4310-A1A1-73BBD96B9382}.Debug|Any CPU.ActiveCfg = Debug|Any CPU
		{7A542B31-797F-4310-A1A1-73BBD96B9382}.Debug|Any CPU.Build.0 = Debug|Any CPU
		{7A542B31-797F-4310-A1A1-73BBD96B9382}.Release|Any CPU.ActiveCfg = Release|Any CPU
		{7A542B31-797F-4310-A1A1-73BBD96B9382}.Release|Any CPU.Build.0 = Release|Any CPU
		{77D181E7-4667-4923-8D9F-38C8D4B9035B}.Debug|Any CPU.ActiveCfg = Debug|Any CPU
		{77D181E7-4667-4923-8D9F-38C8D4B9035B}.Debug|Any CPU.Build.0 = Debug|Any CPU
		{77D181E7-4667-4923-8D9F-38C8D4B9035B}.Release|Any CPU.ActiveCfg = Release|Any CPU
		{77D181E7-4667-4923-8D9F-38C8D4B9035B}.Release|Any CPU.Build.0 = Release|Any CPU
		{EF6D4F2D-3D1A-47D4-B4A5-4536FA0074FA}.Debug|Any CPU.ActiveCfg = Debug|Any CPU
		{EF6D4F2D-3D1A-47D4-B4A5-4536FA0074FA}.Debug|Any CPU.Build.0 = Debug|Any CPU
		{EF6D4F2D-3D1A-47D4-B4A5-4536FA0074FA}.Release|Any CPU.ActiveCfg = Release|Any CPU
		{EF6D4F2D-3D1A-47D4-B4A5-4536FA0074FA}.Release|Any CPU.Build.0 = Release|Any CPU
	EndGlobalSection
	GlobalSection(NestedProjects) = preSolution
		{A639349B-52B8-48AE-A11A-B2F4709A2887} = {28A62F87-4C25-45ED-A346-E1457DBE3610}
		{A00D0E7F-5C90-49C6-A566-976BD238418B} = {28A62F87-4C25-45ED-A346-E1457DBE3610}
		{7A542B31-797F-4310-A1A1-73BBD96B9382} = {28A62F87-4C25-45ED-A346-E1457DBE3610}
		{77D181E7-4667-4923-8D9F-38C8D4B9035B} = {28A62F87-4C25-45ED-A346-E1457DBE3610}
		{EF6D4F2D-3D1A-47D4-B4A5-4536FA0074FA} = {10AB3133-2EC5-4023-ADF4-522464A1EC12}
	EndGlobalSection
EndGlobal
